// !$*UTF8*$!
{
	archiveVersion = 1;
	classes = {
	};
	objectVersion = 46;
	objects = {

/* Begin PBXBuildFile section */
		83546435130ABB09002A1947 /* Foundation.framework in Frameworks */ = {isa = PBXBuildFile; fileRef = 83546434130ABB09002A1947 /* Foundation.framework */; };
		83546440130ABB09002A1947 /* UIKit.framework in Frameworks */ = {isa = PBXBuildFile; fileRef = 8354643F130ABB09002A1947 /* UIKit.framework */; };
		83546441130ABB09002A1947 /* Foundation.framework in Frameworks */ = {isa = PBXBuildFile; fileRef = 83546434130ABB09002A1947 /* Foundation.framework */; };
		83546443130ABB09002A1947 /* CoreGraphics.framework in Frameworks */ = {isa = PBXBuildFile; fileRef = 83546442130ABB09002A1947 /* CoreGraphics.framework */; };
		83546446130ABB09002A1947 /* libdessicant.a in Frameworks */ = {isa = PBXBuildFile; fileRef = 83546431130ABB09002A1947 /* libdessicant.a */; };
		8354644C130ABB09002A1947 /* InfoPlist.strings in Resources */ = {isa = PBXBuildFile; fileRef = 8354644A130ABB09002A1947 /* InfoPlist.strings */; };
		8354644F130ABB09002A1947 /* dessicantTests.h in Resources */ = {isa = PBXBuildFile; fileRef = 8354644E130ABB09002A1947 /* dessicantTests.h */; };
		83546451130ABB09002A1947 /* dessicantTests.m in Sources */ = {isa = PBXBuildFile; fileRef = 83546450130ABB09002A1947 /* dessicantTests.m */; };
/* End PBXBuildFile section */

/* Begin PBXContainerItemProxy section */
		83546444130ABB09002A1947 /* PBXContainerItemProxy */ = {
			isa = PBXContainerItemProxy;
			containerPortal = 83546428130ABB09002A1947 /* Project object */;
			proxyType = 1;
			remoteGlobalIDString = 83546430130ABB09002A1947;
			remoteInfo = dessicant;
		};
/* End PBXContainerItemProxy section */

/* Begin PBXFileReference section */
		83546431130ABB09002A1947 /* libdessicant.a */ = {isa = PBXFileReference; explicitFileType = archive.ar; includeInIndex = 0; path = libdessicant.a; sourceTree = BUILT_PRODUCTS_DIR; };
		83546434130ABB09002A1947 /* Foundation.framework */ = {isa = PBXFileReference; lastKnownFileType = wrapper.framework; name = Foundation.framework; path = System/Library/Frameworks/Foundation.framework; sourceTree = SDKROOT; };
		83546438130ABB09002A1947 /* dessicant-Prefix.pch */ = {isa = PBXFileReference; path = "dessicant-Prefix.pch"; sourceTree = "<group>"; };
		8354643E130ABB09002A1947 /* dessicantTests.octest */ = {isa = PBXFileReference; explicitFileType = wrapper.cfbundle; includeInIndex = 0; path = dessicantTests.octest; sourceTree = BUILT_PRODUCTS_DIR; };
		8354643F130ABB09002A1947 /* UIKit.framework */ = {isa = PBXFileReference; lastKnownFileType = wrapper.framework; name = UIKit.framework; path = System/Library/Frameworks/UIKit.framework; sourceTree = SDKROOT; };
		83546442130ABB09002A1947 /* CoreGraphics.framework */ = {isa = PBXFileReference; lastKnownFileType = wrapper.framework; name = CoreGraphics.framework; path = System/Library/Frameworks/CoreGraphics.framework; sourceTree = SDKROOT; };
		83546449130ABB09002A1947 /* dessicantTests-Info.plist */ = {isa = PBXFileReference; path = "dessicantTests-Info.plist"; sourceTree = "<group>"; };
		8354644B130ABB09002A1947 /* en */ = {isa = PBXFileReference; lastKnownFileType = text.plist.strings; name = en; path = en.lproj/InfoPlist.strings; sourceTree = "<group>"; };
		8354644D130ABB09002A1947 /* dessicantTests-Prefix.pch */ = {isa = PBXFileReference; path = "dessicantTests-Prefix.pch"; sourceTree = "<group>"; };
		8354644E130ABB09002A1947 /* dessicantTests.h */ = {isa = PBXFileReference; lastKnownFileType = sourcecode.c.h; path = dessicantTests.h; sourceTree = "<group>"; };
		83546450130ABB09002A1947 /* dessicantTests.m */ = {isa = PBXFileReference; lastKnownFileType = sourcecode.c.objc; path = dessicantTests.m; sourceTree = "<group>"; };
/* End PBXFileReference section */

/* Begin PBXFrameworksBuildPhase section */
		8354642E130ABB09002A1947 /* Frameworks */ = {
			isa = PBXFrameworksBuildPhase;
			buildActionMask = 2147483647;
			files = (
				83546435130ABB09002A1947 /* Foundation.framework in Frameworks */,
			);
			runOnlyForDeploymentPostprocessing = 0;
		};
		8354643A130ABB09002A1947 /* Frameworks */ = {
			isa = PBXFrameworksBuildPhase;
			buildActionMask = 2147483647;
			files = (
				83546440130ABB09002A1947 /* UIKit.framework in Frameworks */,
				83546441130ABB09002A1947 /* Foundation.framework in Frameworks */,
				83546443130ABB09002A1947 /* CoreGraphics.framework in Frameworks */,
				83546446130ABB09002A1947 /* libdessicant.a in Frameworks */,
			);
			runOnlyForDeploymentPostprocessing = 0;
		};
/* End PBXFrameworksBuildPhase section */

/* Begin PBXGroup section */
		83546426130ABB09002A1947 = {
			isa = PBXGroup;
			children = (
				83546436130ABB09002A1947 /* dessicant */,
				83546447130ABB09002A1947 /* dessicantTests */,
				83546433130ABB09002A1947 /* Frameworks */,
				83546432130ABB09002A1947 /* Products */,
			);
			sourceTree = "<group>";
		};
		83546432130ABB09002A1947 /* Products */ = {
			isa = PBXGroup;
			children = (
				83546431130ABB09002A1947 /* libdessicant.a */,
				8354643E130ABB09002A1947 /* dessicantTests.octest */,
			);
			name = Products;
			sourceTree = "<group>";
		};
		83546433130ABB09002A1947 /* Frameworks */ = {
			isa = PBXGroup;
			children = (
				83546434130ABB09002A1947 /* Foundation.framework */,
				8354643F130ABB09002A1947 /* UIKit.framework */,
				83546442130ABB09002A1947 /* CoreGraphics.framework */,
			);
			name = Frameworks;
			sourceTree = "<group>";
		};
		83546436130ABB09002A1947 /* dessicant */ = {
			isa = PBXGroup;
			children = (
				83546437130ABB09002A1947 /* Supporting Files */,
			);
			path = dessicant;
			sourceTree = "<group>";
		};
		83546437130ABB09002A1947 /* Supporting Files */ = {
			isa = PBXGroup;
			children = (
				83546438130ABB09002A1947 /* dessicant-Prefix.pch */,
			);
			name = "Supporting Files";
			sourceTree = "<group>";
		};
		83546447130ABB09002A1947 /* dessicantTests */ = {
			isa = PBXGroup;
			children = (
				8354644E130ABB09002A1947 /* dessicantTests.h */,
				83546450130ABB09002A1947 /* dessicantTests.m */,
				83546448130ABB09002A1947 /* Supporting Files */,
			);
			path = dessicantTests;
			sourceTree = "<group>";
		};
		83546448130ABB09002A1947 /* Supporting Files */ = {
			isa = PBXGroup;
			children = (
				83546449130ABB09002A1947 /* dessicantTests-Info.plist */,
				8354644A130ABB09002A1947 /* InfoPlist.strings */,
				8354644D130ABB09002A1947 /* dessicantTests-Prefix.pch */,
			);
			name = "Supporting Files";
			sourceTree = "<group>";
		};
/* End PBXGroup section */

/* Begin PBXHeadersBuildPhase section */
		8354642F130ABB09002A1947 /* Headers */ = {
			isa = PBXHeadersBuildPhase;
			buildActionMask = 2147483647;
			files = (
			);
			runOnlyForDeploymentPostprocessing = 0;
		};
/* End PBXHeadersBuildPhase section */

/* Begin PBXNativeTarget section */
		83546430130ABB09002A1947 /* dessicant */ = {
			isa = PBXNativeTarget;
			buildConfigurationList = 83546454130ABB09002A1947 /* Build configuration list for PBXNativeTarget "dessicant" */;
			buildPhases = (
				8354642D130ABB09002A1947 /* Sources */,
				8354642E130ABB09002A1947 /* Frameworks */,
				8354642F130ABB09002A1947 /* Headers */,
			);
			buildRules = (
			);
			dependencies = (
			);
			name = dessicant;
			productName = dessicant;
			productReference = 83546431130ABB09002A1947 /* libdessicant.a */;
			productType = "com.apple.product-type.library.static";
		};
		8354643D130ABB09002A1947 /* dessicantTests */ = {
			isa = PBXNativeTarget;
			buildConfigurationList = 83546457130ABB09002A1947 /* Build configuration list for PBXNativeTarget "dessicantTests" */;
			buildPhases = (
				83546439130ABB09002A1947 /* Sources */,
				8354643A130ABB09002A1947 /* Frameworks */,
				8354643B130ABB09002A1947 /* Resources */,
				8354643C130ABB09002A1947 /* ShellScript */,
			);
			buildRules = (
			);
			dependencies = (
				83546445130ABB09002A1947 /* PBXTargetDependency */,
			);
			name = dessicantTests;
			productName = dessicantTests;
			productReference = 8354643E130ABB09002A1947 /* dessicantTests.octest */;
			productType = "com.apple.product-type.bundle";
		};
/* End PBXNativeTarget section */

/* Begin PBXProject section */
		83546428130ABB09002A1947 /* Project object */ = {
			isa = PBXProject;
			attributes = {
				ORGANIZATIONNAME = "ZWorkbench, Inc.";
			};
			buildConfigurationList = 8354642B130ABB09002A1947 /* Build configuration list for PBXProject "dessicant" */;
			compatibilityVersion = "Xcode 3.2";
			developmentRegion = English;
			hasScannedForEncodings = 0;
			knownRegions = (
				en,
			);
			mainGroup = 83546426130ABB09002A1947;
			productRefGroup = 83546432130ABB09002A1947 /* Products */;
			projectDirPath = "";
			projectRoot = "";
			targets = (
				83546430130ABB09002A1947 /* dessicant */,
				8354643D130ABB09002A1947 /* dessicantTests */,
			);
		};
/* End PBXProject section */

/* Begin PBXResourcesBuildPhase section */
		8354643B130ABB09002A1947 /* Resources */ = {
			isa = PBXResourcesBuildPhase;
			buildActionMask = 2147483647;
			files = (
				8354644C130ABB09002A1947 /* InfoPlist.strings in Resources */,
				8354644F130ABB09002A1947 /* dessicantTests.h in Resources */,
			);
			runOnlyForDeploymentPostprocessing = 0;
		};
/* End PBXResourcesBuildPhase section */

/* Begin PBXShellScriptBuildPhase section */
		8354643C130ABB09002A1947 /* ShellScript */ = {
			isa = PBXShellScriptBuildPhase;
			buildActionMask = 2147483647;
			files = (
			);
			inputPaths = (
			);
			outputPaths = (
			);
			runOnlyForDeploymentPostprocessing = 0;
			shellPath = /bin/sh;
			shellScript = "# Run the unit tests in this test bundle.\n\"${SYSTEM_DEVELOPER_DIR}/Tools/RunUnitTests\"\n";
		};
/* End PBXShellScriptBuildPhase section */

/* Begin PBXSourcesBuildPhase section */
		8354642D130ABB09002A1947 /* Sources */ = {
			isa = PBXSourcesBuildPhase;
			buildActionMask = 2147483647;
			files = (
			);
			runOnlyForDeploymentPostprocessing = 0;
		};
		83546439130ABB09002A1947 /* Sources */ = {
			isa = PBXSourcesBuildPhase;
			buildActionMask = 2147483647;
			files = (
				83546451130ABB09002A1947 /* dessicantTests.m in Sources */,
			);
			runOnlyForDeploymentPostprocessing = 0;
		};
/* End PBXSourcesBuildPhase section */

/* Begin PBXTargetDependency section */
		83546445130ABB09002A1947 /* PBXTargetDependency */ = {
			isa = PBXTargetDependency;
			target = 83546430130ABB09002A1947 /* dessicant */;
			targetProxy = 83546444130ABB09002A1947 /* PBXContainerItemProxy */;
		};
/* End PBXTargetDependency section */

/* Begin PBXVariantGroup section */
		8354644A130ABB09002A1947 /* InfoPlist.strings */ = {
			isa = PBXVariantGroup;
			children = (
				8354644B130ABB09002A1947 /* en */,
			);
			name = InfoPlist.strings;
			sourceTree = "<group>";
		};
/* End PBXVariantGroup section */

/* Begin XCBuildConfiguration section */
		83546452130ABB09002A1947 /* Debug */ = {
			isa = XCBuildConfiguration;
			buildSettings = {
				ARCHS = "$(ARCHS_STANDARD_32_BIT)";
				GCC_C_LANGUAGE_STANDARD = gnu99;
				GCC_OPTIMIZATION_LEVEL = 0;
				GCC_PREPROCESSOR_DEFINITIONS = DEBUG;
				GCC_VERSION = com.apple.compilers.llvmgcc42;
				GCC_WARN_ABOUT_RETURN_TYPE = YES;
				GCC_WARN_UNUSED_VARIABLE = YES;
				IPHONEOS_DEPLOYMENT_TARGET = 4.2;
				SDKROOT = iphoneos;
			};
			name = Debug;
		};
		83546453130ABB09002A1947 /* Release */ = {
			isa = XCBuildConfiguration;
			buildSettings = {
				ARCHS = "$(ARCHS_STANDARD_32_BIT)";
				GCC_C_LANGUAGE_STANDARD = gnu99;
				GCC_VERSION = com.apple.compilers.llvmgcc42;
				GCC_WARN_ABOUT_RETURN_TYPE = YES;
				GCC_WARN_UNUSED_VARIABLE = YES;
				IPHONEOS_DEPLOYMENT_TARGET = 4.2;
				SDKROOT = iphoneos;
			};
			name = Release;
		};
		83546455130ABB09002A1947 /* Debug */ = {
			isa = XCBuildConfiguration;
			buildSettings = {
				ALWAYS_SEARCH_USER_PATHS = NO;
				DSTROOT = /tmp/dessicant.dst;
				GCC_PRECOMPILE_PREFIX_HEADER = YES;
				GCC_PREFIX_HEADER = "dessicant/dessicant-Prefix.pch";
				OTHER_LDFLAGS = "-ObjC";
				PRODUCT_NAME = "$(TARGET_NAME)";
			};
			name = Debug;
		};
		83546456130ABB09002A1947 /* Release */ = {
			isa = XCBuildConfiguration;
			buildSettings = {
				ALWAYS_SEARCH_USER_PATHS = NO;
				DSTROOT = /tmp/dessicant.dst;
				GCC_PRECOMPILE_PREFIX_HEADER = YES;
				GCC_PREFIX_HEADER = "dessicant/dessicant-Prefix.pch";
				OTHER_LDFLAGS = "-ObjC";
				PRODUCT_NAME = "$(TARGET_NAME)";
			};
			name = Release;
		};
		83546458130ABB09002A1947 /* Debug */ = {
			isa = XCBuildConfiguration;
			buildSettings = {
				ALWAYS_SEARCH_USER_PATHS = NO;
				FRAMEWORK_SEARCH_PATHS = (
					"$(SDKROOT)/Developer/Library/Frameworks",
					"$(DEVELOPER_LIBRARY_DIR)/Frameworks",
				);
				GCC_PRECOMPILE_PREFIX_HEADER = YES;
				GCC_PREFIX_HEADER = "dessicantTests/dessicantTests-Prefix.pch";
				INFOPLIST_FILE = "dessicantTests/dessicantTests-Info.plist";
				OTHER_LDFLAGS = (
					"-framework",
					SenTestingKit,
				);
				PRODUCT_NAME = "$(TARGET_NAME)";
				WRAPPER_EXTENSION = octest;
			};
			name = Debug;
		};
		83546459130ABB09002A1947 /* Release */ = {
			isa = XCBuildConfiguration;
			buildSettings = {
				ALWAYS_SEARCH_USER_PATHS = NO;
				FRAMEWORK_SEARCH_PATHS = (
					"$(SDKROOT)/Developer/Library/Frameworks",
					"$(DEVELOPER_LIBRARY_DIR)/Frameworks",
				);
				GCC_PRECOMPILE_PREFIX_HEADER = YES;
				GCC_PREFIX_HEADER = "dessicantTests/dessicantTests-Prefix.pch";
				INFOPLIST_FILE = "dessicantTests/dessicantTests-Info.plist";
				OTHER_LDFLAGS = (
					"-framework",
					SenTestingKit,
				);
				PRODUCT_NAME = "$(TARGET_NAME)";
				WRAPPER_EXTENSION = octest;
			};
			name = Release;
		};
/* End XCBuildConfiguration section */

/* Begin XCConfigurationList section */
		8354642B130ABB09002A1947 /* Build configuration list for PBXProject "dessicant" */ = {
			isa = XCConfigurationList;
			buildConfigurations = (
				83546452130ABB09002A1947 /* Debug */,
				83546453130ABB09002A1947 /* Release */,
			);
			defaultConfigurationIsVisible = 0;
			defaultConfigurationName = Release;
		};
		83546454130ABB09002A1947 /* Build configuration list for PBXNativeTarget "dessicant" */ = {
			isa = XCConfigurationList;
			buildConfigurations = (
				83546455130ABB09002A1947 /* Debug */,
				83546456130ABB09002A1947 /* Release */,
			);
			defaultConfigurationIsVisible = 0;
		};
		83546457130ABB09002A1947 /* Build configuration list for PBXNativeTarget "dessicantTests" */ = {
			isa = XCConfigurationList;
			buildConfigurations = (
				83546458130ABB09002A1947 /* Debug */,
				83546459130ABB09002A1947 /* Release */,
			);
			defaultConfigurationIsVisible = 0;
		};
/* End XCConfigurationList section */
	};
	rootObject = 83546428130ABB09002A1947 /* Project object */;
}
