// !$*UTF8*$!
{
	archiveVersion = 1;
	classes = {
	};
	objectVersion = 46;
	objects = {

/* Begin PBXBuildFile section */
		83546469130ABBEB002A1947 /* Foundation.framework in Frameworks */ = {isa = PBXBuildFile; fileRef = 83546468130ABBEB002A1947 /* Foundation.framework */; };
		83546474130ABBEB002A1947 /* UIKit.framework in Frameworks */ = {isa = PBXBuildFile; fileRef = 83546473130ABBEB002A1947 /* UIKit.framework */; };
		83546475130ABBEB002A1947 /* Foundation.framework in Frameworks */ = {isa = PBXBuildFile; fileRef = 83546468130ABBEB002A1947 /* Foundation.framework */; };
		83546477130ABBEB002A1947 /* CoreGraphics.framework in Frameworks */ = {isa = PBXBuildFile; fileRef = 83546476130ABBEB002A1947 /* CoreGraphics.framework */; };
		8354647A130ABBEB002A1947 /* libdesiccant.a in Frameworks */ = {isa = PBXBuildFile; fileRef = 83546465130ABBEB002A1947 /* libdesiccant.a */; };
		83546480130ABBEB002A1947 /* InfoPlist.strings in Resources */ = {isa = PBXBuildFile; fileRef = 8354647E130ABBEB002A1947 /* InfoPlist.strings */; };
		83546483130ABBEB002A1947 /* desiccantTests.h in Resources */ = {isa = PBXBuildFile; fileRef = 83546482130ABBEB002A1947 /* desiccantTests.h */; };
		83546485130ABBEB002A1947 /* desiccantTests.m in Sources */ = {isa = PBXBuildFile; fileRef = 83546484130ABBEB002A1947 /* desiccantTests.m */; };
/* End PBXBuildFile section */

/* Begin PBXContainerItemProxy section */
		83546478130ABBEB002A1947 /* PBXContainerItemProxy */ = {
			isa = PBXContainerItemProxy;
			containerPortal = 8354645C130ABBEB002A1947 /* Project object */;
			proxyType = 1;
			remoteGlobalIDString = 83546464130ABBEB002A1947;
			remoteInfo = desiccant;
		};
/* End PBXContainerItemProxy section */

/* Begin PBXFileReference section */
		83546465130ABBEB002A1947 /* libdesiccant.a */ = {isa = PBXFileReference; explicitFileType = archive.ar; includeInIndex = 0; path = libdesiccant.a; sourceTree = BUILT_PRODUCTS_DIR; };
		83546468130ABBEB002A1947 /* Foundation.framework */ = {isa = PBXFileReference; lastKnownFileType = wrapper.framework; name = Foundation.framework; path = System/Library/Frameworks/Foundation.framework; sourceTree = SDKROOT; };
		8354646C130ABBEB002A1947 /* desiccant-Prefix.pch */ = {isa = PBXFileReference; path = "desiccant-Prefix.pch"; sourceTree = "<group>"; };
		83546472130ABBEB002A1947 /* desiccantTests.octest */ = {isa = PBXFileReference; explicitFileType = wrapper.cfbundle; includeInIndex = 0; path = desiccantTests.octest; sourceTree = BUILT_PRODUCTS_DIR; };
		83546473130ABBEB002A1947 /* UIKit.framework */ = {isa = PBXFileReference; lastKnownFileType = wrapper.framework; name = UIKit.framework; path = System/Library/Frameworks/UIKit.framework; sourceTree = SDKROOT; };
		83546476130ABBEB002A1947 /* CoreGraphics.framework */ = {isa = PBXFileReference; lastKnownFileType = wrapper.framework; name = CoreGraphics.framework; path = System/Library/Frameworks/CoreGraphics.framework; sourceTree = SDKROOT; };
		8354647D130ABBEB002A1947 /* desiccantTests-Info.plist */ = {isa = PBXFileReference; path = "desiccantTests-Info.plist"; sourceTree = "<group>"; };
		8354647F130ABBEB002A1947 /* en */ = {isa = PBXFileReference; lastKnownFileType = text.plist.strings; name = en; path = en.lproj/InfoPlist.strings; sourceTree = "<group>"; };
		83546481130ABBEB002A1947 /* desiccantTests-Prefix.pch */ = {isa = PBXFileReference; path = "desiccantTests-Prefix.pch"; sourceTree = "<group>"; };
		83546482130ABBEB002A1947 /* desiccantTests.h */ = {isa = PBXFileReference; lastKnownFileType = sourcecode.c.h; path = desiccantTests.h; sourceTree = "<group>"; };
		83546484130ABBEB002A1947 /* desiccantTests.m */ = {isa = PBXFileReference; lastKnownFileType = sourcecode.c.objc; path = desiccantTests.m; sourceTree = "<group>"; };
/* End PBXFileReference section */

/* Begin PBXFrameworksBuildPhase section */
		83546462130ABBEB002A1947 /* Frameworks */ = {
			isa = PBXFrameworksBuildPhase;
			buildActionMask = 2147483647;
			files = (
				83546469130ABBEB002A1947 /* Foundation.framework in Frameworks */,
			);
			runOnlyForDeploymentPostprocessing = 0;
		};
		8354646E130ABBEB002A1947 /* Frameworks */ = {
			isa = PBXFrameworksBuildPhase;
			buildActionMask = 2147483647;
			files = (
				83546474130ABBEB002A1947 /* UIKit.framework in Frameworks */,
				83546475130ABBEB002A1947 /* Foundation.framework in Frameworks */,
				83546477130ABBEB002A1947 /* CoreGraphics.framework in Frameworks */,
				8354647A130ABBEB002A1947 /* libdesiccant.a in Frameworks */,
			);
			runOnlyForDeploymentPostprocessing = 0;
		};
/* End PBXFrameworksBuildPhase section */

/* Begin PBXGroup section */
		8354645A130ABBEB002A1947 = {
			isa = PBXGroup;
			children = (
				8354646A130ABBEB002A1947 /* desiccant */,
				8354647B130ABBEB002A1947 /* desiccantTests */,
				83546467130ABBEB002A1947 /* Frameworks */,
				83546466130ABBEB002A1947 /* Products */,
			);
			sourceTree = "<group>";
		};
		83546466130ABBEB002A1947 /* Products */ = {
			isa = PBXGroup;
			children = (
				83546465130ABBEB002A1947 /* libdesiccant.a */,
				83546472130ABBEB002A1947 /* desiccantTests.octest */,
			);
			name = Products;
			sourceTree = "<group>";
		};
		83546467130ABBEB002A1947 /* Frameworks */ = {
			isa = PBXGroup;
			children = (
				83546468130ABBEB002A1947 /* Foundation.framework */,
				83546473130ABBEB002A1947 /* UIKit.framework */,
				83546476130ABBEB002A1947 /* CoreGraphics.framework */,
			);
			name = Frameworks;
			sourceTree = "<group>";
		};
		8354646A130ABBEB002A1947 /* desiccant */ = {
			isa = PBXGroup;
			children = (
				8354646B130ABBEB002A1947 /* Supporting Files */,
			);
			path = desiccant;
			sourceTree = "<group>";
		};
		8354646B130ABBEB002A1947 /* Supporting Files */ = {
			isa = PBXGroup;
			children = (
				8354646C130ABBEB002A1947 /* desiccant-Prefix.pch */,
			);
			name = "Supporting Files";
			sourceTree = "<group>";
		};
		8354647B130ABBEB002A1947 /* desiccantTests */ = {
			isa = PBXGroup;
			children = (
				83546482130ABBEB002A1947 /* desiccantTests.h */,
				83546484130ABBEB002A1947 /* desiccantTests.m */,
				8354647C130ABBEB002A1947 /* Supporting Files */,
			);
			path = desiccantTests;
			sourceTree = "<group>";
		};
		8354647C130ABBEB002A1947 /* Supporting Files */ = {
			isa = PBXGroup;
			children = (
				8354647D130ABBEB002A1947 /* desiccantTests-Info.plist */,
				8354647E130ABBEB002A1947 /* InfoPlist.strings */,
				83546481130ABBEB002A1947 /* desiccantTests-Prefix.pch */,
			);
			name = "Supporting Files";
			sourceTree = "<group>";
		};
/* End PBXGroup section */

/* Begin PBXHeadersBuildPhase section */
		83546463130ABBEB002A1947 /* Headers */ = {
			isa = PBXHeadersBuildPhase;
			buildActionMask = 2147483647;
			files = (
			);
			runOnlyForDeploymentPostprocessing = 0;
		};
/* End PBXHeadersBuildPhase section */

/* Begin PBXNativeTarget section */
		83546464130ABBEB002A1947 /* desiccant */ = {
			isa = PBXNativeTarget;
			buildConfigurationList = 83546488130ABBEB002A1947 /* Build configuration list for PBXNativeTarget "desiccant" */;
			buildPhases = (
				83546461130ABBEB002A1947 /* Sources */,
				83546462130ABBEB002A1947 /* Frameworks */,
				83546463130ABBEB002A1947 /* Headers */,
			);
			buildRules = (
			);
			dependencies = (
			);
			name = desiccant;
			productName = desiccant;
			productReference = 83546465130ABBEB002A1947 /* libdesiccant.a */;
			productType = "com.apple.product-type.library.static";
		};
		83546471130ABBEB002A1947 /* desiccantTests */ = {
			isa = PBXNativeTarget;
			buildConfigurationList = 8354648B130ABBEB002A1947 /* Build configuration list for PBXNativeTarget "desiccantTests" */;
			buildPhases = (
				8354646D130ABBEB002A1947 /* Sources */,
				8354646E130ABBEB002A1947 /* Frameworks */,
				8354646F130ABBEB002A1947 /* Resources */,
				83546470130ABBEB002A1947 /* ShellScript */,
			);
			buildRules = (
			);
			dependencies = (
				83546479130ABBEB002A1947 /* PBXTargetDependency */,
			);
			name = desiccantTests;
			productName = desiccantTests;
			productReference = 83546472130ABBEB002A1947 /* desiccantTests.octest */;
			productType = "com.apple.product-type.bundle";
		};
/* End PBXNativeTarget section */

/* Begin PBXProject section */
		8354645C130ABBEB002A1947 /* Project object */ = {
			isa = PBXProject;
			attributes = {
				ORGANIZATIONNAME = "ZWorkbench, Inc.";
			};
			buildConfigurationList = 8354645F130ABBEB002A1947 /* Build configuration list for PBXProject "desiccant" */;
			compatibilityVersion = "Xcode 3.2";
			developmentRegion = English;
			hasScannedForEncodings = 0;
			knownRegions = (
				en,
			);
			mainGroup = 8354645A130ABBEB002A1947;
			productRefGroup = 83546466130ABBEB002A1947 /* Products */;
			projectDirPath = "";
			projectRoot = "";
			targets = (
				83546464130ABBEB002A1947 /* desiccant */,
				83546471130ABBEB002A1947 /* desiccantTests */,
			);
		};
/* End PBXProject section */

/* Begin PBXResourcesBuildPhase section */
		8354646F130ABBEB002A1947 /* Resources */ = {
			isa = PBXResourcesBuildPhase;
			buildActionMask = 2147483647;
			files = (
				83546480130ABBEB002A1947 /* InfoPlist.strings in Resources */,
				83546483130ABBEB002A1947 /* desiccantTests.h in Resources */,
			);
			runOnlyForDeploymentPostprocessing = 0;
		};
/* End PBXResourcesBuildPhase section */

/* Begin PBXShellScriptBuildPhase section */
		83546470130ABBEB002A1947 /* ShellScript */ = {
			isa = PBXShellScriptBuildPhase;
			buildActionMask = 2147483647;
			files = (
			);
			inputPaths = (
			);
			outputPaths = (
			);
			runOnlyForDeploymentPostprocessing = 0;
			shellPath = /bin/sh;
			shellScript = "# Run the unit tests in this test bundle.\n\"${SYSTEM_DEVELOPER_DIR}/Tools/RunUnitTests\"\n";
		};
/* End PBXShellScriptBuildPhase section */

/* Begin PBXSourcesBuildPhase section */
		83546461130ABBEB002A1947 /* Sources */ = {
			isa = PBXSourcesBuildPhase;
			buildActionMask = 2147483647;
			files = (
			);
			runOnlyForDeploymentPostprocessing = 0;
		};
		8354646D130ABBEB002A1947 /* Sources */ = {
			isa = PBXSourcesBuildPhase;
			buildActionMask = 2147483647;
			files = (
				83546485130ABBEB002A1947 /* desiccantTests.m in Sources */,
			);
			runOnlyForDeploymentPostprocessing = 0;
		};
/* End PBXSourcesBuildPhase section */

/* Begin PBXTargetDependency section */
		83546479130ABBEB002A1947 /* PBXTargetDependency */ = {
			isa = PBXTargetDependency;
			target = 83546464130ABBEB002A1947 /* desiccant */;
			targetProxy = 83546478130ABBEB002A1947 /* PBXContainerItemProxy */;
		};
/* End PBXTargetDependency section */

/* Begin PBXVariantGroup section */
		8354647E130ABBEB002A1947 /* InfoPlist.strings */ = {
			isa = PBXVariantGroup;
			children = (
				8354647F130ABBEB002A1947 /* en */,
			);
			name = InfoPlist.strings;
			sourceTree = "<group>";
		};
/* End PBXVariantGroup section */

/* Begin XCBuildConfiguration section */
		83546486130ABBEB002A1947 /* Debug */ = {
			isa = XCBuildConfiguration;
			buildSettings = {
				ARCHS = "$(ARCHS_STANDARD_32_BIT)";
				GCC_C_LANGUAGE_STANDARD = gnu99;
				GCC_OPTIMIZATION_LEVEL = 0;
				GCC_PREPROCESSOR_DEFINITIONS = DEBUG;
				GCC_VERSION = com.apple.compilers.llvmgcc42;
				GCC_WARN_ABOUT_RETURN_TYPE = YES;
				GCC_WARN_UNUSED_VARIABLE = YES;
				IPHONEOS_DEPLOYMENT_TARGET = 4.2;
				SDKROOT = iphoneos;
			};
			name = Debug;
		};
		83546487130ABBEB002A1947 /* Release */ = {
			isa = XCBuildConfiguration;
			buildSettings = {
				ARCHS = "$(ARCHS_STANDARD_32_BIT)";
				GCC_C_LANGUAGE_STANDARD = gnu99;
				GCC_VERSION = com.apple.compilers.llvmgcc42;
				GCC_WARN_ABOUT_RETURN_TYPE = YES;
				GCC_WARN_UNUSED_VARIABLE = YES;
				IPHONEOS_DEPLOYMENT_TARGET = 4.2;
				SDKROOT = iphoneos;
			};
			name = Release;
		};
		83546489130ABBEB002A1947 /* Debug */ = {
			isa = XCBuildConfiguration;
			buildSettings = {
				ALWAYS_SEARCH_USER_PATHS = NO;
				DSTROOT = /tmp/desiccant.dst;
				GCC_PRECOMPILE_PREFIX_HEADER = YES;
				GCC_PREFIX_HEADER = "desiccant/desiccant-Prefix.pch";
				OTHER_LDFLAGS = "-ObjC";
				PRODUCT_NAME = "$(TARGET_NAME)";
			};
			name = Debug;
		};
		8354648A130ABBEB002A1947 /* Release */ = {
			isa = XCBuildConfiguration;
			buildSettings = {
				ALWAYS_SEARCH_USER_PATHS = NO;
				DSTROOT = /tmp/desiccant.dst;
				GCC_PRECOMPILE_PREFIX_HEADER = YES;
				GCC_PREFIX_HEADER = "desiccant/desiccant-Prefix.pch";
				OTHER_LDFLAGS = "-ObjC";
				PRODUCT_NAME = "$(TARGET_NAME)";
			};
			name = Release;
		};
		8354648C130ABBEB002A1947 /* Debug */ = {
			isa = XCBuildConfiguration;
			buildSettings = {
				ALWAYS_SEARCH_USER_PATHS = NO;
				FRAMEWORK_SEARCH_PATHS = (
					"$(SDKROOT)/Developer/Library/Frameworks",
					"$(DEVELOPER_LIBRARY_DIR)/Frameworks",
				);
				GCC_PRECOMPILE_PREFIX_HEADER = YES;
				GCC_PREFIX_HEADER = "desiccantTests/desiccantTests-Prefix.pch";
				INFOPLIST_FILE = "desiccantTests/desiccantTests-Info.plist";
				OTHER_LDFLAGS = (
					"-framework",
					SenTestingKit,
				);
				PRODUCT_NAME = "$(TARGET_NAME)";
				WRAPPER_EXTENSION = octest;
			};
			name = Debug;
		};
		8354648D130ABBEB002A1947 /* Release */ = {
			isa = XCBuildConfiguration;
			buildSettings = {
				ALWAYS_SEARCH_USER_PATHS = NO;
				FRAMEWORK_SEARCH_PATHS = (
					"$(SDKROOT)/Developer/Library/Frameworks",
					"$(DEVELOPER_LIBRARY_DIR)/Frameworks",
				);
				GCC_PRECOMPILE_PREFIX_HEADER = YES;
				GCC_PREFIX_HEADER = "desiccantTests/desiccantTests-Prefix.pch";
				INFOPLIST_FILE = "desiccantTests/desiccantTests-Info.plist";
				OTHER_LDFLAGS = (
					"-framework",
					SenTestingKit,
				);
				PRODUCT_NAME = "$(TARGET_NAME)";
				WRAPPER_EXTENSION = octest;
			};
			name = Release;
		};
/* End XCBuildConfiguration section */

/* Begin XCConfigurationList section */
		8354645F130ABBEB002A1947 /* Build configuration list for PBXProject "desiccant" */ = {
			isa = XCConfigurationList;
			buildConfigurations = (
				83546486130ABBEB002A1947 /* Debug */,
				83546487130ABBEB002A1947 /* Release */,
			);
			defaultConfigurationIsVisible = 0;
			defaultConfigurationName = Release;
		};
		83546488130ABBEB002A1947 /* Build configuration list for PBXNativeTarget "desiccant" */ = {
			isa = XCConfigurationList;
			buildConfigurations = (
				83546489130ABBEB002A1947 /* Debug */,
				8354648A130ABBEB002A1947 /* Release */,
			);
			defaultConfigurationIsVisible = 0;
		};
		8354648B130ABBEB002A1947 /* Build configuration list for PBXNativeTarget "desiccantTests" */ = {
			isa = XCConfigurationList;
			buildConfigurations = (
				8354648C130ABBEB002A1947 /* Debug */,
				8354648D130ABBEB002A1947 /* Release */,
			);
			defaultConfigurationIsVisible = 0;
		};
/* End XCConfigurationList section */
	};
	rootObject = 8354645C130ABBEB002A1947 /* Project object */;
}
